// !$*UTF8*$!
{
	archiveVersion = 1;
	classes = {
	};
	objectVersion = 48;
	objects = {

/* Begin PBXBuildFile section */
		A35278A71EF7AC940099B2ED /* AppDelegate.swift in Sources */ = {isa = PBXBuildFile; fileRef = A35278A61EF7AC940099B2ED /* AppDelegate.swift */; };
		A35278A91EF7AC940099B2ED /* ViewController.swift in Sources */ = {isa = PBXBuildFile; fileRef = A35278A81EF7AC940099B2ED /* ViewController.swift */; };
		A35278AC1EF7AC940099B2ED /* Main.storyboard in Resources */ = {isa = PBXBuildFile; fileRef = A35278AA1EF7AC940099B2ED /* Main.storyboard */; };
		A35278AE1EF7AC940099B2ED /* Assets.xcassets in Resources */ = {isa = PBXBuildFile; fileRef = A35278AD1EF7AC940099B2ED /* Assets.xcassets */; };
		A35278B11EF7AC940099B2ED /* LaunchScreen.storyboard in Resources */ = {isa = PBXBuildFile; fileRef = A35278AF1EF7AC940099B2ED /* LaunchScreen.storyboard */; };
		A35278B91EF7AF890099B2ED /* Event.swift in Sources */ = {isa = PBXBuildFile; fileRef = A35278B81EF7AF890099B2ED /* Event.swift */; };
/* End PBXBuildFile section */

/* Begin PBXFileReference section */
		A35278A31EF7AC940099B2ED /* Swift4JsonTest.app */ = {isa = PBXFileReference; explicitFileType = wrapper.application; includeInIndex = 0; path = Swift4JsonTest.app; sourceTree = BUILT_PRODUCTS_DIR; };
		A35278A61EF7AC940099B2ED /* AppDelegate.swift */ = {isa = PBXFileReference; lastKnownFileType = sourcecode.swift; path = AppDelegate.swift; sourceTree = "<group>"; };
		A35278A81EF7AC940099B2ED /* ViewController.swift */ = {isa = PBXFileReference; lastKnownFileType = sourcecode.swift; path = ViewController.swift; sourceTree = "<group>"; };
		A35278AB1EF7AC940099B2ED /* Base */ = {isa = PBXFileReference; lastKnownFileType = file.storyboard; name = Base; path = Base.lproj/Main.storyboard; sourceTree = "<group>"; };
		A35278AD1EF7AC940099B2ED /* Assets.xcassets */ = {isa = PBXFileReference; lastKnownFileType = folder.assetcatalog; path = Assets.xcassets; sourceTree = "<group>"; };
		A35278B01EF7AC940099B2ED /* Base */ = {isa = PBXFileReference; lastKnownFileType = file.storyboard; name = Base; path = Base.lproj/LaunchScreen.storyboard; sourceTree = "<group>"; };
		A35278B21EF7AC940099B2ED /* Info.plist */ = {isa = PBXFileReference; lastKnownFileType = text.plist.xml; path = Info.plist; sourceTree = "<group>"; };
		A35278B81EF7AF890099B2ED /* Event.swift */ = {isa = PBXFileReference; lastKnownFileType = sourcecode.swift; path = Event.swift; sourceTree = "<group>"; };
/* End PBXFileReference section */

/* Begin PBXFrameworksBuildPhase section */
		A35278A01EF7AC940099B2ED /* Frameworks */ = {
			isa = PBXFrameworksBuildPhase;
			buildActionMask = 2147483647;
			files = (
			);
			runOnlyForDeploymentPostprocessing = 0;
		};
/* End PBXFrameworksBuildPhase section */

/* Begin PBXGroup section */
		A352789A1EF7AC940099B2ED = {
			isa = PBXGroup;
			children = (
				A35278A51EF7AC940099B2ED /* Swift4JsonTest */,
				A35278A41EF7AC940099B2ED /* Products */,
			);
			sourceTree = "<group>";
		};
		A35278A41EF7AC940099B2ED /* Products */ = {
			isa = PBXGroup;
			children = (
				A35278A31EF7AC940099B2ED /* Swift4JsonTest.app */,
			);
			name = Products;
			sourceTree = "<group>";
		};
		A35278A51EF7AC940099B2ED /* Swift4JsonTest */ = {
			isa = PBXGroup;
			children = (
				A35278A61EF7AC940099B2ED /* AppDelegate.swift */,
				A35278A81EF7AC940099B2ED /* ViewController.swift */,
				A35278AA1EF7AC940099B2ED /* Main.storyboard */,
				A35278AD1EF7AC940099B2ED /* Assets.xcassets */,
				A35278AF1EF7AC940099B2ED /* LaunchScreen.storyboard */,
				A35278B21EF7AC940099B2ED /* Info.plist */,
				A35278B81EF7AF890099B2ED /* Event.swift */,
			);
			path = Swift4JsonTest;
			sourceTree = "<group>";
		};
/* End PBXGroup section */

/* Begin PBXNativeTarget section */
		A35278A21EF7AC940099B2ED /* Swift4JsonTest */ = {
			isa = PBXNativeTarget;
			buildConfigurationList = A35278B51EF7AC940099B2ED /* Build configuration list for PBXNativeTarget "Swift4JsonTest" */;
			buildPhases = (
				A352789F1EF7AC940099B2ED /* Sources */,
				A35278A01EF7AC940099B2ED /* Frameworks */,
				A35278A11EF7AC940099B2ED /* Resources */,
			);
			buildRules = (
			);
			dependencies = (
			);
			name = Swift4JsonTest;
			productName = Swift4JsonTest;
			productReference = A35278A31EF7AC940099B2ED /* Swift4JsonTest.app */;
			productType = "com.apple.product-type.application";
		};
/* End PBXNativeTarget section */

/* Begin PBXProject section */
		A352789B1EF7AC940099B2ED /* Project object */ = {
			isa = PBXProject;
			attributes = {
				LastSwiftUpdateCheck = 0900;
				LastUpgradeCheck = 0900;
				ORGANIZATIONNAME = VAndrJ;
				TargetAttributes = {
					A35278A21EF7AC940099B2ED = {
						CreatedOnToolsVersion = 9.0;
					};
				};
			};
			buildConfigurationList = A352789E1EF7AC940099B2ED /* Build configuration list for PBXProject "Swift4JsonTest" */;
			compatibilityVersion = "Xcode 8.0";
			developmentRegion = en;
			hasScannedForEncodings = 0;
			knownRegions = (
				en,
				Base,
			);
			mainGroup = A352789A1EF7AC940099B2ED;
			productRefGroup = A35278A41EF7AC940099B2ED /* Products */;
			projectDirPath = "";
			projectRoot = "";
			targets = (
				A35278A21EF7AC940099B2ED /* Swift4JsonTest */,
			);
		};
/* End PBXProject section */

/* Begin PBXResourcesBuildPhase section */
		A35278A11EF7AC940099B2ED /* Resources */ = {
			isa = PBXResourcesBuildPhase;
			buildActionMask = 2147483647;
			files = (
				A35278B11EF7AC940099B2ED /* LaunchScreen.storyboard in Resources */,
				A35278AE1EF7AC940099B2ED /* Assets.xcassets in Resources */,
				A35278AC1EF7AC940099B2ED /* Main.storyboard in Resources */,
			);
			runOnlyForDeploymentPostprocessing = 0;
		};
/* End PBXResourcesBuildPhase section */

/* Begin PBXSourcesBuildPhase section */
		A352789F1EF7AC940099B2ED /* Sources */ = {
			isa = PBXSourcesBuildPhase;
			buildActionMask = 2147483647;
			files = (
				A35278B91EF7AF890099B2ED /* Event.swift in Sources */,
				A35278A91EF7AC940099B2ED /* ViewController.swift in Sources */,
				A35278A71EF7AC940099B2ED /* AppDelegate.swift in Sources */,
			);
			runOnlyForDeploymentPostprocessing = 0;
		};
/* End PBXSourcesBuildPhase section */

/* Begin PBXVariantGroup section */
		A35278AA1EF7AC940099B2ED /* Main.storyboard */ = {
			isa = PBXVariantGroup;
			children = (
				A35278AB1EF7AC940099B2ED /* Base */,
			);
			name = Main.storyboard;
			sourceTree = "<group>";
		};
		A35278AF1EF7AC940099B2ED /* LaunchScreen.storyboard */ = {
			isa = PBXVariantGroup;
			children = (
				A35278B01EF7AC940099B2ED /* Base */,
			);
			name = LaunchScreen.storyboard;
			sourceTree = "<group>";
		};
/* End PBXVariantGroup section */

/* Begin XCBuildConfiguration section */
		A35278B31EF7AC940099B2ED /* Debug */ = {
			isa = XCBuildConfiguration;
			buildSettings = {
				ALWAYS_SEARCH_USER_PATHS = NO;
				CLANG_ANALYZER_NONNULL = YES;
				CLANG_ANALYZER_NUMBER_OBJECT_CONVERSION = YES_AGGRESSIVE;
				CLANG_CXX_LANGUAGE_STANDARD = "gnu++14";
				CLANG_CXX_LIBRARY = "libc++";
				CLANG_ENABLE_MODULES = YES;
				CLANG_ENABLE_OBJC_ARC = YES;
				CLANG_WARN_BLOCK_CAPTURE_AUTORELEASING = YES;
				CLANG_WARN_BOOL_CONVERSION = YES;
				CLANG_WARN_COMMA = YES;
				CLANG_WARN_CONSTANT_CONVERSION = YES;
				CLANG_WARN_DIRECT_OBJC_ISA_USAGE = YES_ERROR;
				CLANG_WARN_DOCUMENTATION_COMMENTS = YES;
				CLANG_WARN_EMPTY_BODY = YES;
				CLANG_WARN_ENUM_CONVERSION = YES;
				CLANG_WARN_INFINITE_RECURSION = YES;
				CLANG_WARN_INT_CONVERSION = YES;
				CLANG_WARN_OBJC_ROOT_CLASS = YES_ERROR;
				CLANG_WARN_RANGE_LOOP_ANALYSIS = YES;
				CLANG_WARN_STRICT_PROTOTYPES = YES;
				CLANG_WARN_SUSPICIOUS_MOVE = YES;
				CLANG_WARN_UNGUARDED_AVAILABILITY = YES_AGGRESSIVE;
				CLANG_WARN_UNREACHABLE_CODE = YES;
				CLANG_WARN__DUPLICATE_METHOD_MATCH = YES;
				CODE_SIGN_IDENTITY = "iPhone Developer";
				COPY_PHASE_STRIP = NO;
				DEBUG_INFORMATION_FORMAT = dwarf;
				ENABLE_STRICT_OBJC_MSGSEND = YES;
				ENABLE_TESTABILITY = YES;
				GCC_C_LANGUAGE_STANDARD = gnu11;
				GCC_DYNAMIC_NO_PIC = NO;
				GCC_NO_COMMON_BLOCKS = YES;
				GCC_OPTIMIZATION_LEVEL = 0;
				GCC_PREPROCESSOR_DEFINITIONS = (
					"DEBUG=1",
					"$(inherited)",
				);
				GCC_WARN_64_TO_32_BIT_CONVERSION = YES;
				GCC_WARN_ABOUT_RETURN_TYPE = YES_ERROR;
				GCC_WARN_UNDECLARED_SELECTOR = YES;
				GCC_WARN_UNINITIALIZED_AUTOS = YES_AGGRESSIVE;
				GCC_WARN_UNUSED_FUNCTION = YES;
				GCC_WARN_UNUSED_VARIABLE = YES;
				IPHONEOS_DEPLOYMENT_TARGET = 11.0;
				MTL_ENABLE_DEBUG_INFO = YES;
				ONLY_ACTIVE_ARCH = YES;
				SDKROOT = iphoneos;
				SWIFT_ACTIVE_COMPILATION_CONDITIONS = DEBUG;
				SWIFT_OPTIMIZATION_LEVEL = "-Onone";
			};
			name = Debug;
		};
		A35278B41EF7AC940099B2ED /* Release */ = {
			isa = XCBuildConfiguration;
			buildSettings = {
				ALWAYS_SEARCH_USER_PATHS = NO;
				CLANG_ANALYZER_NONNULL = YES;
				CLANG_ANALYZER_NUMBER_OBJECT_CONVERSION = YES_AGGRESSIVE;
				CLANG_CXX_LANGUAGE_STANDARD = "gnu++14";
				CLANG_CXX_LIBRARY = "libc++";
				CLANG_ENABLE_MODULES = YES;
				CLANG_ENABLE_OBJC_ARC = YES;
				CLANG_WARN_BLOCK_CAPTURE_AUTORELEASING = YES;
				CLANG_WARN_BOOL_CONVERSION = YES;
				CLANG_WARN_COMMA = YES;
				CLANG_WARN_CONSTANT_CONVERSION = YES;
				CLANG_WARN_DIRECT_OBJC_ISA_USAGE = YES_ERROR;
				CLANG_WARN_DOCUMENTATION_COMMENTS = YES;
				CLANG_WARN_EMPTY_BODY = YES;
				CLANG_WARN_ENUM_CONVERSION = YES;
				CLANG_WARN_INFINITE_RECURSION = YES;
				CLANG_WARN_INT_CONVERSION = YES;
				CLANG_WARN_OBJC_ROOT_CLASS = YES_ERROR;
				CLANG_WARN_RANGE_LOOP_ANALYSIS = YES;
				CLANG_WARN_STRICT_PROTOTYPES = YES;
				CLANG_WARN_SUSPICIOUS_MOVE = YES;
				CLANG_WARN_UNGUARDED_AVAILABILITY = YES_AGGRESSIVE;
				CLANG_WARN_UNREACHABLE_CODE = YES;
				CLANG_WARN__DUPLICATE_METHOD_MATCH = YES;
				CODE_SIGN_IDENTITY = "iPhone Developer";
				COPY_PHASE_STRIP = NO;
				DEBUG_INFORMATION_FORMAT = "dwarf-with-dsym";
				ENABLE_NS_ASSERTIONS = NO;
				ENABLE_STRICT_OBJC_MSGSEND = YES;
				GCC_C_LANGUAGE_STANDARD = gnu11;
				GCC_NO_COMMON_BLOCKS = YES;
				GCC_WARN_64_TO_32_BIT_CONVERSION = YES;
				GCC_WARN_ABOUT_RETURN_TYPE = YES_ERROR;
				GCC_WARN_UNDECLARED_SELECTOR = YES;
				GCC_WARN_UNINITIALIZED_AUTOS = YES_AGGRESSIVE;
				GCC_WARN_UNUSED_FUNCTION = YES;
				GCC_WARN_UNUSED_VARIABLE = YES;
				IPHONEOS_DEPLOYMENT_TARGET = 11.0;
				MTL_ENABLE_DEBUG_INFO = NO;
				SDKROOT = iphoneos;
				SWIFT_OPTIMIZATION_LEVEL = "-Owholemodule";
				VALIDATE_PRODUCT = YES;
			};
			name = Release;
		};
		A35278B61EF7AC940099B2ED /* Debug */ = {
			isa = XCBuildConfiguration;
			buildSettings = {
				ASSETCATALOG_COMPILER_APPICON_NAME = AppIcon;
				INFOPLIST_FILE = Swift4JsonTest/Info.plist;
				LD_RUNPATH_SEARCH_PATHS = "$(inherited) @executable_path/Frameworks";
				PRODUCT_BUNDLE_IDENTIFIER = com.vandrj.Swift4JsonTest;
				PRODUCT_NAME = "$(TARGET_NAME)";
				SWIFT_VERSION = 4.0;
				TARGETED_DEVICE_FAMILY = "1,2";
			};
			name = Debug;
		};
		A35278B71EF7AC940099B2ED /* Release */ = {
			isa = XCBuildConfiguration;
			buildSettings = {
				ASSETCATALOG_COMPILER_APPICON_NAME = AppIcon;
				INFOPLIST_FILE = Swift4JsonTest/Info.plist;
				LD_RUNPATH_SEARCH_PATHS = "$(inherited) @executable_path/Frameworks";
				PRODUCT_BUNDLE_IDENTIFIER = com.vandrj.Swift4JsonTest;
				PRODUCT_NAME = "$(TARGET_NAME)";
				SWIFT_VERSION = 4.0;
				TARGETED_DEVICE_FAMILY = "1,2";
			};
			name = Release;
		};
/* End XCBuildConfiguration section */

/* Begin XCConfigurationList section */
		A352789E1EF7AC940099B2ED /* Build configuration list for PBXProject "Swift4JsonTest" */ = {
			isa = XCConfigurationList;
			buildConfigurations = (
				A35278B31EF7AC940099B2ED /* Debug */,
				A35278B41EF7AC940099B2ED /* Release */,
			);
			defaultConfigurationIsVisible = 0;
			defaultConfigurationName = Release;
		};
		A35278B51EF7AC940099B2ED /* Build configuration list for PBXNativeTarget "Swift4JsonTest" */ = {
			isa = XCConfigurationList;
			buildConfigurations = (
				A35278B61EF7AC940099B2ED /* Debug */,
				A35278B71EF7AC940099B2ED /* Release */,
			);
			defaultConfigurationIsVisible = 0;
		};
/* End XCConfigurationList section */
	};
	rootObject = A352789B1EF7AC940099B2ED /* Project object */;
}
